// !$*UTF8*$!
{
	archiveVersion = 1;
	classes = {
	};
	objectVersion = 55;
	objects = {

/* Begin PBXBuildFile section */
		E522BFC828846B2D001F6AE9 /* PhotoCell.swift in Sources */ = {isa = PBXBuildFile; fileRef = E522BFC728846B2D001F6AE9 /* PhotoCell.swift */; };
		E5276371287A0946000E1F24 /* AppDelegate.swift in Sources */ = {isa = PBXBuildFile; fileRef = E5276370287A0946000E1F24 /* AppDelegate.swift */; };
		E5276373287A0946000E1F24 /* SceneDelegate.swift in Sources */ = {isa = PBXBuildFile; fileRef = E5276372287A0946000E1F24 /* SceneDelegate.swift */; };
		E5276375287A0946000E1F24 /* HomeViewController.swift in Sources */ = {isa = PBXBuildFile; fileRef = E5276374287A0946000E1F24 /* HomeViewController.swift */; };
		E5276378287A0946000E1F24 /* Main.storyboard in Resources */ = {isa = PBXBuildFile; fileRef = E5276376287A0946000E1F24 /* Main.storyboard */; };
		E527637A287A0946000E1F24 /* Assets.xcassets in Resources */ = {isa = PBXBuildFile; fileRef = E5276379287A0946000E1F24 /* Assets.xcassets */; };
		E527637D287A0946000E1F24 /* LaunchScreen.storyboard in Resources */ = {isa = PBXBuildFile; fileRef = E527637B287A0946000E1F24 /* LaunchScreen.storyboard */; };
		E527638E287A0AB5000E1F24 /* EndpointProtocol.swift in Sources */ = {isa = PBXBuildFile; fileRef = E527638D287A0AB5000E1F24 /* EndpointProtocol.swift */; };
		E5276390287A0ADB000E1F24 /* HttpMethod.swift in Sources */ = {isa = PBXBuildFile; fileRef = E527638F287A0ADB000E1F24 /* HttpMethod.swift */; };
		E5276393287A0C63000E1F24 /* RequestError.swift in Sources */ = {isa = PBXBuildFile; fileRef = E5276392287A0C63000E1F24 /* RequestError.swift */; };
		E5276396287A0CF8000E1F24 /* FeedPhotoResponse.swift in Sources */ = {isa = PBXBuildFile; fileRef = E5276395287A0CF8000E1F24 /* FeedPhotoResponse.swift */; };
		E527639A287A0EBC000E1F24 /* HttpClient.swift in Sources */ = {isa = PBXBuildFile; fileRef = E5276399287A0EBC000E1F24 /* HttpClient.swift */; };
		E527639D287CA947000E1F24 /* ImagefyService.swift in Sources */ = {isa = PBXBuildFile; fileRef = E527639C287CA947000E1F24 /* ImagefyService.swift */; };
		E52763A0287CAB6A000E1F24 /* ImagefyRemoteDataSource.swift in Sources */ = {isa = PBXBuildFile; fileRef = E527639F287CAB6A000E1F24 /* ImagefyRemoteDataSource.swift */; };
		E52763A5287CAC8A000E1F24 /* ImagefyRepositoryProtocol.swift in Sources */ = {isa = PBXBuildFile; fileRef = E52763A4287CAC8A000E1F24 /* ImagefyRepositoryProtocol.swift */; };
		E52763A9287CAD5C000E1F24 /* FeedPhoto.swift in Sources */ = {isa = PBXBuildFile; fileRef = E52763A8287CAD5C000E1F24 /* FeedPhoto.swift */; };
		E52763AB287CADFA000E1F24 /* ImagefyRepository.swift in Sources */ = {isa = PBXBuildFile; fileRef = E52763AA287CADFA000E1F24 /* ImagefyRepository.swift */; };
		E52763AD287CBEA9000E1F24 /* HomeViewModel.swift in Sources */ = {isa = PBXBuildFile; fileRef = E52763AC287CBEA9000E1F24 /* HomeViewModel.swift */; };
		E539A1CD289E1BA300F57BE3 /* AuthorPhotoCell.swift in Sources */ = {isa = PBXBuildFile; fileRef = E539A1CC289E1BA300F57BE3 /* AuthorPhotoCell.swift */; };
		E539A1CF289E1C6F00F57BE3 /* UserProfilePhoto.swift in Sources */ = {isa = PBXBuildFile; fileRef = E539A1CE289E1C6F00F57BE3 /* UserProfilePhoto.swift */; };
		E549921B28930AE500EA4271 /* UserProfileResponse.swift in Sources */ = {isa = PBXBuildFile; fileRef = E549921A28930AE400EA4271 /* UserProfileResponse.swift */; };
		E549921D28930CD200EA4271 /* UserProfileImagesResponse.swift in Sources */ = {isa = PBXBuildFile; fileRef = E549921C28930CD200EA4271 /* UserProfileImagesResponse.swift */; };
		E549921F28930E5E00EA4271 /* UserProfile.swift in Sources */ = {isa = PBXBuildFile; fileRef = E549921E28930E5E00EA4271 /* UserProfile.swift */; };
		E549922228930EAF00EA4271 /* UserProfileLink.swift in Sources */ = {isa = PBXBuildFile; fileRef = E549922128930EAF00EA4271 /* UserProfileLink.swift */; };
		E5499225289314BA00EA4271 /* UserProfileMapper.swift in Sources */ = {isa = PBXBuildFile; fileRef = E5499224289314BA00EA4271 /* UserProfileMapper.swift */; };
		E549922828949DED00EA4271 /* ProfileHeaderItem.swift in Sources */ = {isa = PBXBuildFile; fileRef = E549922728949DED00EA4271 /* ProfileHeaderItem.swift */; };
		E549922B2894A22400EA4271 /* AuthorProfileVmDelegate.swift in Sources */ = {isa = PBXBuildFile; fileRef = E549922A2894A22400EA4271 /* AuthorProfileVmDelegate.swift */; };
		E5872616288F5D5D00A3CE2C /* AuthorProfileViewController.swift in Sources */ = {isa = PBXBuildFile; fileRef = E5872615288F5D5D00A3CE2C /* AuthorProfileViewController.swift */; };
		E5872618288F5D7B00A3CE2C /* AuthorProfileViewModel.swift in Sources */ = {isa = PBXBuildFile; fileRef = E5872617288F5D7B00A3CE2C /* AuthorProfileViewModel.swift */; };
		E587261A288F5D8F00A3CE2C /* AuthorProfileView.swift in Sources */ = {isa = PBXBuildFile; fileRef = E5872619288F5D8F00A3CE2C /* AuthorProfileView.swift */; };
		E587261D288F5F1600A3CE2C /* PhotoCellDelegate.swift in Sources */ = {isa = PBXBuildFile; fileRef = E587261C288F5F1600A3CE2C /* PhotoCellDelegate.swift */; };
		E59CF6B82898A3010073E367 /* ProfileLinkItem.swift in Sources */ = {isa = PBXBuildFile; fileRef = E59CF6B72898A3010073E367 /* ProfileLinkItem.swift */; };
		E59CF6BB2898A9600073E367 /* ProfileLinkItemDelegate.swift in Sources */ = {isa = PBXBuildFile; fileRef = E59CF6BA2898A9600073E367 /* ProfileLinkItemDelegate.swift */; };
		E59CF6C32898C98E0073E367 /* UserProfilePhotoResponse.swift in Sources */ = {isa = PBXBuildFile; fileRef = E59CF6C22898C98E0073E367 /* UserProfilePhotoResponse.swift */; };
		E5A7B23B2884646E0051A541 /* HomeView.swift in Sources */ = {isa = PBXBuildFile; fileRef = E5A7B23A2884646E0051A541 /* HomeView.swift */; };
		E5CA5095289EED68007E22D8 /* UserProfileHeader.swift in Sources */ = {isa = PBXBuildFile; fileRef = E5CA5094289EED68007E22D8 /* UserProfileHeader.swift */; };
		E5CA5098289EEFE6007E22D8 /* ProfileUserInfo.swift in Sources */ = {isa = PBXBuildFile; fileRef = E5CA5097289EEFE6007E22D8 /* ProfileUserInfo.swift */; };
		E5CC0302288C4FEA00E404B3 /* HomeViewModelDelegate.swift in Sources */ = {isa = PBXBuildFile; fileRef = E5CC0301288C4FEA00E404B3 /* HomeViewModelDelegate.swift */; };
		E5CC0305288C5BF800E404B3 /* FeedPhotoAuthorResponse.swift in Sources */ = {isa = PBXBuildFile; fileRef = E5CC0304288C5BF800E404B3 /* FeedPhotoAuthorResponse.swift */; };
		E5CC030C288C618400E404B3 /* ImageLoader.swift in Sources */ = {isa = PBXBuildFile; fileRef = E5CC030B288C618400E404B3 /* ImageLoader.swift */; };
		E5CC030F288C6B8C00E404B3 /* UIImageView.swift in Sources */ = {isa = PBXBuildFile; fileRef = E5CC030E288C6B8C00E404B3 /* UIImageView.swift */; };
		E5CC0313288C7F8B00E404B3 /* UIImageLoader.swift in Sources */ = {isa = PBXBuildFile; fileRef = E5CC0312288C7F8B00E404B3 /* UIImageLoader.swift */; };
		E5CC0316288F496D00E404B3 /* ApplicationCoordinator.swift in Sources */ = {isa = PBXBuildFile; fileRef = E5CC0315288F496D00E404B3 /* ApplicationCoordinator.swift */; };
		E5CC0319288F583E00E404B3 /* ApplicationContainer.swift in Sources */ = {isa = PBXBuildFile; fileRef = E5CC0318288F583E00E404B3 /* ApplicationContainer.swift */; };
/* End PBXBuildFile section */

/* Begin PBXFileReference section */
		E522BFC728846B2D001F6AE9 /* PhotoCell.swift */ = {isa = PBXFileReference; lastKnownFileType = sourcecode.swift; path = PhotoCell.swift; sourceTree = "<group>"; };
		E527636D287A0946000E1F24 /* Imagefy.app */ = {isa = PBXFileReference; explicitFileType = wrapper.application; includeInIndex = 0; path = Imagefy.app; sourceTree = BUILT_PRODUCTS_DIR; };
		E5276370287A0946000E1F24 /* AppDelegate.swift */ = {isa = PBXFileReference; lastKnownFileType = sourcecode.swift; path = AppDelegate.swift; sourceTree = "<group>"; };
		E5276372287A0946000E1F24 /* SceneDelegate.swift */ = {isa = PBXFileReference; lastKnownFileType = sourcecode.swift; path = SceneDelegate.swift; sourceTree = "<group>"; };
		E5276374287A0946000E1F24 /* HomeViewController.swift */ = {isa = PBXFileReference; lastKnownFileType = sourcecode.swift; path = HomeViewController.swift; sourceTree = "<group>"; };
		E5276377287A0946000E1F24 /* Base */ = {isa = PBXFileReference; lastKnownFileType = file.storyboard; name = Base; path = Base.lproj/Main.storyboard; sourceTree = "<group>"; };
		E5276379287A0946000E1F24 /* Assets.xcassets */ = {isa = PBXFileReference; lastKnownFileType = folder.assetcatalog; path = Assets.xcassets; sourceTree = "<group>"; };
		E527637C287A0946000E1F24 /* Base */ = {isa = PBXFileReference; lastKnownFileType = file.storyboard; name = Base; path = Base.lproj/LaunchScreen.storyboard; sourceTree = "<group>"; };
		E527637E287A0946000E1F24 /* Info.plist */ = {isa = PBXFileReference; lastKnownFileType = text.plist.xml; path = Info.plist; sourceTree = "<group>"; };
		E527638D287A0AB5000E1F24 /* EndpointProtocol.swift */ = {isa = PBXFileReference; lastKnownFileType = sourcecode.swift; path = EndpointProtocol.swift; sourceTree = "<group>"; };
		E527638F287A0ADB000E1F24 /* HttpMethod.swift */ = {isa = PBXFileReference; lastKnownFileType = sourcecode.swift; path = HttpMethod.swift; sourceTree = "<group>"; };
		E5276392287A0C63000E1F24 /* RequestError.swift */ = {isa = PBXFileReference; lastKnownFileType = sourcecode.swift; path = RequestError.swift; sourceTree = "<group>"; };
		E5276395287A0CF8000E1F24 /* FeedPhotoResponse.swift */ = {isa = PBXFileReference; lastKnownFileType = sourcecode.swift; path = FeedPhotoResponse.swift; sourceTree = "<group>"; };
		E5276399287A0EBC000E1F24 /* HttpClient.swift */ = {isa = PBXFileReference; lastKnownFileType = sourcecode.swift; path = HttpClient.swift; sourceTree = "<group>"; };
		E527639C287CA947000E1F24 /* ImagefyService.swift */ = {isa = PBXFileReference; lastKnownFileType = sourcecode.swift; path = ImagefyService.swift; sourceTree = "<group>"; };
		E527639F287CAB6A000E1F24 /* ImagefyRemoteDataSource.swift */ = {isa = PBXFileReference; lastKnownFileType = sourcecode.swift; path = ImagefyRemoteDataSource.swift; sourceTree = "<group>"; };
		E52763A4287CAC8A000E1F24 /* ImagefyRepositoryProtocol.swift */ = {isa = PBXFileReference; lastKnownFileType = sourcecode.swift; path = ImagefyRepositoryProtocol.swift; sourceTree = "<group>"; };
		E52763A8287CAD5C000E1F24 /* FeedPhoto.swift */ = {isa = PBXFileReference; lastKnownFileType = sourcecode.swift; path = FeedPhoto.swift; sourceTree = "<group>"; };
		E52763AA287CADFA000E1F24 /* ImagefyRepository.swift */ = {isa = PBXFileReference; lastKnownFileType = sourcecode.swift; path = ImagefyRepository.swift; sourceTree = "<group>"; };
		E52763AC287CBEA9000E1F24 /* HomeViewModel.swift */ = {isa = PBXFileReference; lastKnownFileType = sourcecode.swift; path = HomeViewModel.swift; sourceTree = "<group>"; };
		E539A1CC289E1BA300F57BE3 /* AuthorPhotoCell.swift */ = {isa = PBXFileReference; lastKnownFileType = sourcecode.swift; path = AuthorPhotoCell.swift; sourceTree = "<group>"; };
		E539A1CE289E1C6F00F57BE3 /* UserProfilePhoto.swift */ = {isa = PBXFileReference; lastKnownFileType = sourcecode.swift; path = UserProfilePhoto.swift; sourceTree = "<group>"; };
		E549921A28930AE400EA4271 /* UserProfileResponse.swift */ = {isa = PBXFileReference; lastKnownFileType = sourcecode.swift; path = UserProfileResponse.swift; sourceTree = "<group>"; };
		E549921C28930CD200EA4271 /* UserProfileImagesResponse.swift */ = {isa = PBXFileReference; lastKnownFileType = sourcecode.swift; path = UserProfileImagesResponse.swift; sourceTree = "<group>"; };
		E549921E28930E5E00EA4271 /* UserProfile.swift */ = {isa = PBXFileReference; lastKnownFileType = sourcecode.swift; path = UserProfile.swift; sourceTree = "<group>"; };
		E549922128930EAF00EA4271 /* UserProfileLink.swift */ = {isa = PBXFileReference; lastKnownFileType = sourcecode.swift; path = UserProfileLink.swift; sourceTree = "<group>"; };
		E5499224289314BA00EA4271 /* UserProfileMapper.swift */ = {isa = PBXFileReference; lastKnownFileType = sourcecode.swift; path = UserProfileMapper.swift; sourceTree = "<group>"; };
		E549922728949DED00EA4271 /* ProfileHeaderItem.swift */ = {isa = PBXFileReference; lastKnownFileType = sourcecode.swift; path = ProfileHeaderItem.swift; sourceTree = "<group>"; };
		E549922A2894A22400EA4271 /* AuthorProfileVmDelegate.swift */ = {isa = PBXFileReference; lastKnownFileType = sourcecode.swift; path = AuthorProfileVmDelegate.swift; sourceTree = "<group>"; };
		E5872615288F5D5D00A3CE2C /* AuthorProfileViewController.swift */ = {isa = PBXFileReference; lastKnownFileType = sourcecode.swift; path = AuthorProfileViewController.swift; sourceTree = "<group>"; };
		E5872617288F5D7B00A3CE2C /* AuthorProfileViewModel.swift */ = {isa = PBXFileReference; lastKnownFileType = sourcecode.swift; path = AuthorProfileViewModel.swift; sourceTree = "<group>"; };
		E5872619288F5D8F00A3CE2C /* AuthorProfileView.swift */ = {isa = PBXFileReference; lastKnownFileType = sourcecode.swift; path = AuthorProfileView.swift; sourceTree = "<group>"; };
		E587261C288F5F1600A3CE2C /* PhotoCellDelegate.swift */ = {isa = PBXFileReference; lastKnownFileType = sourcecode.swift; path = PhotoCellDelegate.swift; sourceTree = "<group>"; };
		E59CF6B72898A3010073E367 /* ProfileLinkItem.swift */ = {isa = PBXFileReference; lastKnownFileType = sourcecode.swift; path = ProfileLinkItem.swift; sourceTree = "<group>"; };
		E59CF6BA2898A9600073E367 /* ProfileLinkItemDelegate.swift */ = {isa = PBXFileReference; lastKnownFileType = sourcecode.swift; path = ProfileLinkItemDelegate.swift; sourceTree = "<group>"; };
		E59CF6C22898C98E0073E367 /* UserProfilePhotoResponse.swift */ = {isa = PBXFileReference; lastKnownFileType = sourcecode.swift; path = UserProfilePhotoResponse.swift; sourceTree = "<group>"; };
		E5A7B23A2884646E0051A541 /* HomeView.swift */ = {isa = PBXFileReference; lastKnownFileType = sourcecode.swift; path = HomeView.swift; sourceTree = "<group>"; };
		E5CA5094289EED68007E22D8 /* UserProfileHeader.swift */ = {isa = PBXFileReference; lastKnownFileType = sourcecode.swift; path = UserProfileHeader.swift; sourceTree = "<group>"; };
		E5CA5097289EEFE6007E22D8 /* ProfileUserInfo.swift */ = {isa = PBXFileReference; lastKnownFileType = sourcecode.swift; path = ProfileUserInfo.swift; sourceTree = "<group>"; };
		E5CC0301288C4FEA00E404B3 /* HomeViewModelDelegate.swift */ = {isa = PBXFileReference; lastKnownFileType = sourcecode.swift; path = HomeViewModelDelegate.swift; sourceTree = "<group>"; };
		E5CC0304288C5BF800E404B3 /* FeedPhotoAuthorResponse.swift */ = {isa = PBXFileReference; lastKnownFileType = sourcecode.swift; path = FeedPhotoAuthorResponse.swift; sourceTree = "<group>"; };
		E5CC030B288C618400E404B3 /* ImageLoader.swift */ = {isa = PBXFileReference; lastKnownFileType = sourcecode.swift; path = ImageLoader.swift; sourceTree = "<group>"; };
		E5CC030E288C6B8C00E404B3 /* UIImageView.swift */ = {isa = PBXFileReference; lastKnownFileType = sourcecode.swift; path = UIImageView.swift; sourceTree = "<group>"; };
		E5CC0312288C7F8B00E404B3 /* UIImageLoader.swift */ = {isa = PBXFileReference; lastKnownFileType = sourcecode.swift; path = UIImageLoader.swift; sourceTree = "<group>"; };
		E5CC0315288F496D00E404B3 /* ApplicationCoordinator.swift */ = {isa = PBXFileReference; lastKnownFileType = sourcecode.swift; path = ApplicationCoordinator.swift; sourceTree = "<group>"; };
		E5CC0318288F583E00E404B3 /* ApplicationContainer.swift */ = {isa = PBXFileReference; lastKnownFileType = sourcecode.swift; path = ApplicationContainer.swift; sourceTree = "<group>"; };
/* End PBXFileReference section */

/* Begin PBXFrameworksBuildPhase section */
		E527636A287A0946000E1F24 /* Frameworks */ = {
			isa = PBXFrameworksBuildPhase;
			buildActionMask = 2147483647;
			files = (
			);
			runOnlyForDeploymentPostprocessing = 0;
		};
/* End PBXFrameworksBuildPhase section */

/* Begin PBXGroup section */
		E522BFC628846B1E001F6AE9 /* Components */ = {
			isa = PBXGroup;
			children = (
				E587261B288F5F0600A3CE2C /* PhotoCell */,
				E5A7B23A2884646E0051A541 /* HomeView.swift */,
			);
			path = Components;
			sourceTree = "<group>";
		};
		E5276364287A0946000E1F24 = {
			isa = PBXGroup;
			children = (
				E527636F287A0946000E1F24 /* Imagefy */,
				E527636E287A0946000E1F24 /* Products */,
			);
			sourceTree = "<group>";
		};
		E527636E287A0946000E1F24 /* Products */ = {
			isa = PBXGroup;
			children = (
				E527636D287A0946000E1F24 /* Imagefy.app */,
			);
			name = Products;
			sourceTree = "<group>";
		};
		E527636F287A0946000E1F24 /* Imagefy */ = {
			isa = PBXGroup;
			children = (
				E5276386287A096A000E1F24 /* Src */,
				E5276385287A095D000E1F24 /* Resources */,
				E5276384287A094F000E1F24 /* Application */,
				E5276376287A0946000E1F24 /* Main.storyboard */,
				E527637E287A0946000E1F24 /* Info.plist */,
			);
			path = Imagefy;
			sourceTree = "<group>";
		};
		E5276384287A094F000E1F24 /* Application */ = {
			isa = PBXGroup;
			children = (
				E5CC0317288F582C00E404B3 /* Injection */,
				E5CC030D288C6B7B00E404B3 /* Extensions */,
				E527638B287A0A62000E1F24 /* Network */,
				E5276372287A0946000E1F24 /* SceneDelegate.swift */,
				E5276370287A0946000E1F24 /* AppDelegate.swift */,
			);
			path = Application;
			sourceTree = "<group>";
		};
		E5276385287A095D000E1F24 /* Resources */ = {
			isa = PBXGroup;
			children = (
				E527637B287A0946000E1F24 /* LaunchScreen.storyboard */,
				E5276379287A0946000E1F24 /* Assets.xcassets */,
			);
			path = Resources;
			sourceTree = "<group>";
		};
		E5276386287A096A000E1F24 /* Src */ = {
			isa = PBXGroup;
			children = (
				E5CC0314288F495D00E404B3 /* Navigation */,
				E5276389287A0978000E1F24 /* Presentation */,
				E5276388287A0975000E1F24 /* Domain */,
				E5276387287A096D000E1F24 /* Data */,
			);
			path = Src;
			sourceTree = "<group>";
		};
		E5276387287A096D000E1F24 /* Data */ = {
			isa = PBXGroup;
			children = (
				E52763A1287CAC72000E1F24 /* Repository */,
				E527639E287CAB5A000E1F24 /* DataSource */,
				E527639B287CA938000E1F24 /* Service */,
				E5276394287A0CA5000E1F24 /* Model */,
			);
			path = Data;
			sourceTree = "<group>";
		};
		E5276388287A0975000E1F24 /* Domain */ = {
			isa = PBXGroup;
			children = (
				E5499223289314AB00EA4271 /* Mappers */,
				E52763A3287CAC7B000E1F24 /* Repository */,
				E52763A2287CAC78000E1F24 /* Model */,
			);
			path = Domain;
			sourceTree = "<group>";
		};
		E5276389287A0978000E1F24 /* Presentation */ = {
			isa = PBXGroup;
			children = (
				E5872614288F5D3F00A3CE2C /* AuthorProfile */,
				E527638A287A0A47000E1F24 /* Home */,
			);
			path = Presentation;
			sourceTree = "<group>";
		};
		E527638A287A0A47000E1F24 /* Home */ = {
			isa = PBXGroup;
			children = (
				E522BFC628846B1E001F6AE9 /* Components */,
				E5276374287A0946000E1F24 /* HomeViewController.swift */,
				E52763AC287CBEA9000E1F24 /* HomeViewModel.swift */,
				E5CC0301288C4FEA00E404B3 /* HomeViewModelDelegate.swift */,
			);
			path = Home;
			sourceTree = "<group>";
		};
		E527638B287A0A62000E1F24 /* Network */ = {
			isa = PBXGroup;
			children = (
				E5CC030A288C617800E404B3 /* Image */,
				E5CC0306288C5CC700E404B3 /* Http */,
			);
			path = Network;
			sourceTree = "<group>";
		};
		E5276394287A0CA5000E1F24 /* Model */ = {
			isa = PBXGroup;
			children = (
				E59CF6C12898C97E0073E367 /* UserProfilePhoto */,
				E549921928930AC700EA4271 /* UserProfile */,
				E5CC0303288C5BE600E404B3 /* FeedPhoto */,
			);
			path = Model;
			sourceTree = "<group>";
		};
		E5276397287A0EA8000E1F24 /* Models */ = {
			isa = PBXGroup;
			children = (
				E527638D287A0AB5000E1F24 /* EndpointProtocol.swift */,
				E527638F287A0ADB000E1F24 /* HttpMethod.swift */,
				E5276392287A0C63000E1F24 /* RequestError.swift */,
			);
			path = Models;
			sourceTree = "<group>";
		};
		E527639B287CA938000E1F24 /* Service */ = {
			isa = PBXGroup;
			children = (
				E527639C287CA947000E1F24 /* ImagefyService.swift */,
			);
			path = Service;
			sourceTree = "<group>";
		};
		E527639E287CAB5A000E1F24 /* DataSource */ = {
			isa = PBXGroup;
			children = (
				E527639F287CAB6A000E1F24 /* ImagefyRemoteDataSource.swift */,
			);
			path = DataSource;
			sourceTree = "<group>";
		};
		E52763A1287CAC72000E1F24 /* Repository */ = {
			isa = PBXGroup;
			children = (
				E52763AA287CADFA000E1F24 /* ImagefyRepository.swift */,
			);
			path = Repository;
			sourceTree = "<group>";
		};
		E52763A2287CAC78000E1F24 /* Model */ = {
			isa = PBXGroup;
			children = (
				E549922028930E9A00EA4271 /* UserProfile */,
				E52763A8287CAD5C000E1F24 /* FeedPhoto.swift */,
			);
			path = Model;
			sourceTree = "<group>";
		};
		E52763A3287CAC7B000E1F24 /* Repository */ = {
			isa = PBXGroup;
			children = (
				E52763A4287CAC8A000E1F24 /* ImagefyRepositoryProtocol.swift */,
			);
			path = Repository;
			sourceTree = "<group>";
		};
		E549921928930AC700EA4271 /* UserProfile */ = {
			isa = PBXGroup;
			children = (
				E549921A28930AE400EA4271 /* UserProfileResponse.swift */,
				E549921C28930CD200EA4271 /* UserProfileImagesResponse.swift */,
			);
			path = UserProfile;
			sourceTree = "<group>";
		};
		E549922028930E9A00EA4271 /* UserProfile */ = {
			isa = PBXGroup;
			children = (
				E549921E28930E5E00EA4271 /* UserProfile.swift */,
				E549922128930EAF00EA4271 /* UserProfileLink.swift */,
				E539A1CE289E1C6F00F57BE3 /* UserProfilePhoto.swift */,
			);
			path = UserProfile;
			sourceTree = "<group>";
		};
		E5499223289314AB00EA4271 /* Mappers */ = {
			isa = PBXGroup;
			children = (
				E5499224289314BA00EA4271 /* UserProfileMapper.swift */,
			);
			path = Mappers;
			sourceTree = "<group>";
		};
		E549922628949DD600EA4271 /* Components */ = {
			isa = PBXGroup;
			children = (
				E5CA5096289EEFD6007E22D8 /* UserInfo */,
				E5CA5093289EED5A007E22D8 /* Header */,
				E59CF6B92898A9420073E367 /* ProfileLink */,
				E539A1CC289E1BA300F57BE3 /* AuthorPhotoCell.swift */,
			);
			path = Components;
			sourceTree = "<group>";
		};
		E5872614288F5D3F00A3CE2C /* AuthorProfile */ = {
			isa = PBXGroup;
			children = (
				E5CA5099289EF2CE007E22D8 /* View */,
				E549922628949DD600EA4271 /* Components */,
				E5872615288F5D5D00A3CE2C /* AuthorProfileViewController.swift */,
				E5872617288F5D7B00A3CE2C /* AuthorProfileViewModel.swift */,
				E549922A2894A22400EA4271 /* AuthorProfileVmDelegate.swift */,
			);
			path = AuthorProfile;
			sourceTree = "<group>";
		};
		E587261B288F5F0600A3CE2C /* PhotoCell */ = {
			isa = PBXGroup;
			children = (
				E522BFC728846B2D001F6AE9 /* PhotoCell.swift */,
				E587261C288F5F1600A3CE2C /* PhotoCellDelegate.swift */,
			);
			path = PhotoCell;
			sourceTree = "<group>";
		};
		E59CF6B92898A9420073E367 /* ProfileLink */ = {
			isa = PBXGroup;
			children = (
				E59CF6B72898A3010073E367 /* ProfileLinkItem.swift */,
				E59CF6BA2898A9600073E367 /* ProfileLinkItemDelegate.swift */,
			);
			path = ProfileLink;
			sourceTree = "<group>";
		};
		E59CF6C12898C97E0073E367 /* UserProfilePhoto */ = {
			isa = PBXGroup;
			children = (
				E59CF6C22898C98E0073E367 /* UserProfilePhotoResponse.swift */,
			);
			path = UserProfilePhoto;
			sourceTree = "<group>";
		};
		E5CA5093289EED5A007E22D8 /* Header */ = {
			isa = PBXGroup;
			children = (
				E549922728949DED00EA4271 /* ProfileHeaderItem.swift */,
				E5CA5094289EED68007E22D8 /* UserProfileHeader.swift */,
			);
			path = Header;
			sourceTree = "<group>";
		};
		E5CA5096289EEFD6007E22D8 /* UserInfo */ = {
			isa = PBXGroup;
			children = (
				E5CA5097289EEFE6007E22D8 /* ProfileUserInfo.swift */,
			);
			path = UserInfo;
			sourceTree = "<group>";
		};
		E5CA5099289EF2CE007E22D8 /* View */ = {
			isa = PBXGroup;
			children = (
				E5872619288F5D8F00A3CE2C /* AuthorProfileView.swift */,
			);
			path = View;
			sourceTree = "<group>";
		};
		E5CC0303288C5BE600E404B3 /* FeedPhoto */ = {
			isa = PBXGroup;
			children = (
				E5276395287A0CF8000E1F24 /* FeedPhotoResponse.swift */,
				E5CC0304288C5BF800E404B3 /* FeedPhotoAuthorResponse.swift */,
			);
			path = FeedPhoto;
			sourceTree = "<group>";
		};
		E5CC0306288C5CC700E404B3 /* Http */ = {
			isa = PBXGroup;
			children = (
				E5276399287A0EBC000E1F24 /* HttpClient.swift */,
				E5276397287A0EA8000E1F24 /* Models */,
			);
			path = Http;
			sourceTree = "<group>";
		};
		E5CC030A288C617800E404B3 /* Image */ = {
			isa = PBXGroup;
			children = (
				E5CC030B288C618400E404B3 /* ImageLoader.swift */,
				E5CC0312288C7F8B00E404B3 /* UIImageLoader.swift */,
			);
			path = Image;
			sourceTree = "<group>";
		};
		E5CC030D288C6B7B00E404B3 /* Extensions */ = {
			isa = PBXGroup;
			children = (
				E5CC030E288C6B8C00E404B3 /* UIImageView.swift */,
			);
			path = Extensions;
			sourceTree = "<group>";
		};
		E5CC0314288F495D00E404B3 /* Navigation */ = {
			isa = PBXGroup;
			children = (
				E5CC0315288F496D00E404B3 /* ApplicationCoordinator.swift */,
			);
			path = Navigation;
			sourceTree = "<group>";
		};
		E5CC0317288F582C00E404B3 /* Injection */ = {
			isa = PBXGroup;
			children = (
				E5CC0318288F583E00E404B3 /* ApplicationContainer.swift */,
			);
			path = Injection;
			sourceTree = "<group>";
		};
/* End PBXGroup section */

/* Begin PBXNativeTarget section */
		E527636C287A0946000E1F24 /* Imagefy */ = {
			isa = PBXNativeTarget;
			buildConfigurationList = E5276381287A0946000E1F24 /* Build configuration list for PBXNativeTarget "Imagefy" */;
			buildPhases = (
				E5276369287A0946000E1F24 /* Sources */,
				E527636A287A0946000E1F24 /* Frameworks */,
				E527636B287A0946000E1F24 /* Resources */,
			);
			buildRules = (
			);
			dependencies = (
			);
			name = Imagefy;
			productName = Imagefy;
			productReference = E527636D287A0946000E1F24 /* Imagefy.app */;
			productType = "com.apple.product-type.application";
		};
/* End PBXNativeTarget section */

/* Begin PBXProject section */
		E5276365287A0946000E1F24 /* Project object */ = {
			isa = PBXProject;
			attributes = {
				BuildIndependentTargetsInParallel = 1;
				LastSwiftUpdateCheck = 1320;
				LastUpgradeCheck = 1320;
				TargetAttributes = {
					E527636C287A0946000E1F24 = {
						CreatedOnToolsVersion = 13.2.1;
					};
				};
			};
			buildConfigurationList = E5276368287A0946000E1F24 /* Build configuration list for PBXProject "Imagefy" */;
			compatibilityVersion = "Xcode 13.0";
			developmentRegion = en;
			hasScannedForEncodings = 0;
			knownRegions = (
				en,
				Base,
			);
			mainGroup = E5276364287A0946000E1F24;
			productRefGroup = E527636E287A0946000E1F24 /* Products */;
			projectDirPath = "";
			projectRoot = "";
			targets = (
				E527636C287A0946000E1F24 /* Imagefy */,
			);
		};
/* End PBXProject section */

/* Begin PBXResourcesBuildPhase section */
		E527636B287A0946000E1F24 /* Resources */ = {
			isa = PBXResourcesBuildPhase;
			buildActionMask = 2147483647;
			files = (
				E527637D287A0946000E1F24 /* LaunchScreen.storyboard in Resources */,
				E527637A287A0946000E1F24 /* Assets.xcassets in Resources */,
				E5276378287A0946000E1F24 /* Main.storyboard in Resources */,
			);
			runOnlyForDeploymentPostprocessing = 0;
		};
/* End PBXResourcesBuildPhase section */

/* Begin PBXSourcesBuildPhase section */
		E5276369287A0946000E1F24 /* Sources */ = {
			isa = PBXSourcesBuildPhase;
			buildActionMask = 2147483647;
			files = (
				E527638E287A0AB5000E1F24 /* EndpointProtocol.swift in Sources */,
				E52763A0287CAB6A000E1F24 /* ImagefyRemoteDataSource.swift in Sources */,
				E549922828949DED00EA4271 /* ProfileHeaderItem.swift in Sources */,
				E539A1CF289E1C6F00F57BE3 /* UserProfilePhoto.swift in Sources */,
				E549921F28930E5E00EA4271 /* UserProfile.swift in Sources */,
				E549922228930EAF00EA4271 /* UserProfileLink.swift in Sources */,
				E5276375287A0946000E1F24 /* HomeViewController.swift in Sources */,
				E5CA5098289EEFE6007E22D8 /* ProfileUserInfo.swift in Sources */,
				E5A7B23B2884646E0051A541 /* HomeView.swift in Sources */,
				E522BFC828846B2D001F6AE9 /* PhotoCell.swift in Sources */,
				E5499225289314BA00EA4271 /* UserProfileMapper.swift in Sources */,
				E5872616288F5D5D00A3CE2C /* AuthorProfileViewController.swift in Sources */,
				E5CC0302288C4FEA00E404B3 /* HomeViewModelDelegate.swift in Sources */,
				E549921B28930AE500EA4271 /* UserProfileResponse.swift in Sources */,
				E527639A287A0EBC000E1F24 /* HttpClient.swift in Sources */,
				E52763A9287CAD5C000E1F24 /* FeedPhoto.swift in Sources */,
				E52763A5287CAC8A000E1F24 /* ImagefyRepositoryProtocol.swift in Sources */,
				E5CC030C288C618400E404B3 /* ImageLoader.swift in Sources */,
				E52763AB287CADFA000E1F24 /* ImagefyRepository.swift in Sources */,
				E5276393287A0C63000E1F24 /* RequestError.swift in Sources */,
				E59CF6C32898C98E0073E367 /* UserProfilePhotoResponse.swift in Sources */,
				E59CF6B82898A3010073E367 /* ProfileLinkItem.swift in Sources */,
				E549921D28930CD200EA4271 /* UserProfileImagesResponse.swift in Sources */,
				E5CC0313288C7F8B00E404B3 /* UIImageLoader.swift in Sources */,
				E5276390287A0ADB000E1F24 /* HttpMethod.swift in Sources */,
				E5CC0305288C5BF800E404B3 /* FeedPhotoAuthorResponse.swift in Sources */,
				E587261D288F5F1600A3CE2C /* PhotoCellDelegate.swift in Sources */,
				E5872618288F5D7B00A3CE2C /* AuthorProfileViewModel.swift in Sources */,
				E5CA5095289EED68007E22D8 /* UserProfileHeader.swift in Sources */,
				E59CF6BB2898A9600073E367 /* ProfileLinkItemDelegate.swift in Sources */,
				E52763AD287CBEA9000E1F24 /* HomeViewModel.swift in Sources */,
				E5276371287A0946000E1F24 /* AppDelegate.swift in Sources */,
				E5CC030F288C6B8C00E404B3 /* UIImageView.swift in Sources */,
				E5276396287A0CF8000E1F24 /* FeedPhotoResponse.swift in Sources */,
				E587261A288F5D8F00A3CE2C /* AuthorProfileView.swift in Sources */,
				E527639D287CA947000E1F24 /* ImagefyService.swift in Sources */,
				E539A1CD289E1BA300F57BE3 /* AuthorPhotoCell.swift in Sources */,
				E549922B2894A22400EA4271 /* AuthorProfileVmDelegate.swift in Sources */,
				E5276373287A0946000E1F24 /* SceneDelegate.swift in Sources */,
				E5CC0319288F583E00E404B3 /* ApplicationContainer.swift in Sources */,
				E5CC0316288F496D00E404B3 /* ApplicationCoordinator.swift in Sources */,
			);
			runOnlyForDeploymentPostprocessing = 0;
		};
/* End PBXSourcesBuildPhase section */

/* Begin PBXVariantGroup section */
		E5276376287A0946000E1F24 /* Main.storyboard */ = {
			isa = PBXVariantGroup;
			children = (
				E5276377287A0946000E1F24 /* Base */,
			);
			name = Main.storyboard;
			sourceTree = "<group>";
		};
		E527637B287A0946000E1F24 /* LaunchScreen.storyboard */ = {
			isa = PBXVariantGroup;
			children = (
				E527637C287A0946000E1F24 /* Base */,
			);
			name = LaunchScreen.storyboard;
			sourceTree = "<group>";
		};
/* End PBXVariantGroup section */

/* Begin XCBuildConfiguration section */
		E527637F287A0946000E1F24 /* Debug */ = {
			isa = XCBuildConfiguration;
			buildSettings = {
				ALWAYS_SEARCH_USER_PATHS = NO;
				CLANG_ANALYZER_NONNULL = YES;
				CLANG_ANALYZER_NUMBER_OBJECT_CONVERSION = YES_AGGRESSIVE;
				CLANG_CXX_LANGUAGE_STANDARD = "gnu++17";
				CLANG_CXX_LIBRARY = "libc++";
				CLANG_ENABLE_MODULES = YES;
				CLANG_ENABLE_OBJC_ARC = YES;
				CLANG_ENABLE_OBJC_WEAK = YES;
				CLANG_WARN_BLOCK_CAPTURE_AUTORELEASING = YES;
				CLANG_WARN_BOOL_CONVERSION = YES;
				CLANG_WARN_COMMA = YES;
				CLANG_WARN_CONSTANT_CONVERSION = YES;
				CLANG_WARN_DEPRECATED_OBJC_IMPLEMENTATIONS = YES;
				CLANG_WARN_DIRECT_OBJC_ISA_USAGE = YES_ERROR;
				CLANG_WARN_DOCUMENTATION_COMMENTS = YES;
				CLANG_WARN_EMPTY_BODY = YES;
				CLANG_WARN_ENUM_CONVERSION = YES;
				CLANG_WARN_INFINITE_RECURSION = YES;
				CLANG_WARN_INT_CONVERSION = YES;
				CLANG_WARN_NON_LITERAL_NULL_CONVERSION = YES;
				CLANG_WARN_OBJC_IMPLICIT_RETAIN_SELF = YES;
				CLANG_WARN_OBJC_LITERAL_CONVERSION = YES;
				CLANG_WARN_OBJC_ROOT_CLASS = YES_ERROR;
				CLANG_WARN_QUOTED_INCLUDE_IN_FRAMEWORK_HEADER = YES;
				CLANG_WARN_RANGE_LOOP_ANALYSIS = YES;
				CLANG_WARN_STRICT_PROTOTYPES = YES;
				CLANG_WARN_SUSPICIOUS_MOVE = YES;
				CLANG_WARN_UNGUARDED_AVAILABILITY = YES_AGGRESSIVE;
				CLANG_WARN_UNREACHABLE_CODE = YES;
				CLANG_WARN__DUPLICATE_METHOD_MATCH = YES;
				COPY_PHASE_STRIP = NO;
				DEBUG_INFORMATION_FORMAT = dwarf;
				ENABLE_STRICT_OBJC_MSGSEND = YES;
				ENABLE_TESTABILITY = YES;
				GCC_C_LANGUAGE_STANDARD = gnu11;
				GCC_DYNAMIC_NO_PIC = NO;
				GCC_NO_COMMON_BLOCKS = YES;
				GCC_OPTIMIZATION_LEVEL = 0;
				GCC_PREPROCESSOR_DEFINITIONS = (
					"DEBUG=1",
					"$(inherited)",
				);
				GCC_WARN_64_TO_32_BIT_CONVERSION = YES;
				GCC_WARN_ABOUT_RETURN_TYPE = YES_ERROR;
				GCC_WARN_UNDECLARED_SELECTOR = YES;
				GCC_WARN_UNINITIALIZED_AUTOS = YES_AGGRESSIVE;
				GCC_WARN_UNUSED_FUNCTION = YES;
				GCC_WARN_UNUSED_VARIABLE = YES;
				IPHONEOS_DEPLOYMENT_TARGET = 15.2;
				MTL_ENABLE_DEBUG_INFO = INCLUDE_SOURCE;
				MTL_FAST_MATH = YES;
				ONLY_ACTIVE_ARCH = YES;
				SDKROOT = iphoneos;
				SWIFT_ACTIVE_COMPILATION_CONDITIONS = DEBUG;
				SWIFT_OPTIMIZATION_LEVEL = "-Onone";
			};
			name = Debug;
		};
		E5276380287A0946000E1F24 /* Release */ = {
			isa = XCBuildConfiguration;
			buildSettings = {
				ALWAYS_SEARCH_USER_PATHS = NO;
				CLANG_ANALYZER_NONNULL = YES;
				CLANG_ANALYZER_NUMBER_OBJECT_CONVERSION = YES_AGGRESSIVE;
				CLANG_CXX_LANGUAGE_STANDARD = "gnu++17";
				CLANG_CXX_LIBRARY = "libc++";
				CLANG_ENABLE_MODULES = YES;
				CLANG_ENABLE_OBJC_ARC = YES;
				CLANG_ENABLE_OBJC_WEAK = YES;
				CLANG_WARN_BLOCK_CAPTURE_AUTORELEASING = YES;
				CLANG_WARN_BOOL_CONVERSION = YES;
				CLANG_WARN_COMMA = YES;
				CLANG_WARN_CONSTANT_CONVERSION = YES;
				CLANG_WARN_DEPRECATED_OBJC_IMPLEMENTATIONS = YES;
				CLANG_WARN_DIRECT_OBJC_ISA_USAGE = YES_ERROR;
				CLANG_WARN_DOCUMENTATION_COMMENTS = YES;
				CLANG_WARN_EMPTY_BODY = YES;
				CLANG_WARN_ENUM_CONVERSION = YES;
				CLANG_WARN_INFINITE_RECURSION = YES;
				CLANG_WARN_INT_CONVERSION = YES;
				CLANG_WARN_NON_LITERAL_NULL_CONVERSION = YES;
				CLANG_WARN_OBJC_IMPLICIT_RETAIN_SELF = YES;
				CLANG_WARN_OBJC_LITERAL_CONVERSION = YES;
				CLANG_WARN_OBJC_ROOT_CLASS = YES_ERROR;
				CLANG_WARN_QUOTED_INCLUDE_IN_FRAMEWORK_HEADER = YES;
				CLANG_WARN_RANGE_LOOP_ANALYSIS = YES;
				CLANG_WARN_STRICT_PROTOTYPES = YES;
				CLANG_WARN_SUSPICIOUS_MOVE = YES;
				CLANG_WARN_UNGUARDED_AVAILABILITY = YES_AGGRESSIVE;
				CLANG_WARN_UNREACHABLE_CODE = YES;
				CLANG_WARN__DUPLICATE_METHOD_MATCH = YES;
				COPY_PHASE_STRIP = NO;
				DEBUG_INFORMATION_FORMAT = "dwarf-with-dsym";
				ENABLE_NS_ASSERTIONS = NO;
				ENABLE_STRICT_OBJC_MSGSEND = YES;
				GCC_C_LANGUAGE_STANDARD = gnu11;
				GCC_NO_COMMON_BLOCKS = YES;
				GCC_WARN_64_TO_32_BIT_CONVERSION = YES;
				GCC_WARN_ABOUT_RETURN_TYPE = YES_ERROR;
				GCC_WARN_UNDECLARED_SELECTOR = YES;
				GCC_WARN_UNINITIALIZED_AUTOS = YES_AGGRESSIVE;
				GCC_WARN_UNUSED_FUNCTION = YES;
				GCC_WARN_UNUSED_VARIABLE = YES;
				IPHONEOS_DEPLOYMENT_TARGET = 15.2;
				MTL_ENABLE_DEBUG_INFO = NO;
				MTL_FAST_MATH = YES;
				SDKROOT = iphoneos;
				SWIFT_COMPILATION_MODE = wholemodule;
				SWIFT_OPTIMIZATION_LEVEL = "-O";
				VALIDATE_PRODUCT = YES;
			};
			name = Release;
		};
		E5276382287A0946000E1F24 /* Debug */ = {
			isa = XCBuildConfiguration;
			buildSettings = {
				ASSETCATALOG_COMPILER_APPICON_NAME = AppIcon;
				ASSETCATALOG_COMPILER_GLOBAL_ACCENT_COLOR_NAME = AccentColor;
				CODE_SIGN_STYLE = Automatic;
				CURRENT_PROJECT_VERSION = 1;
				DEVELOPMENT_TEAM = 7H62BDWNNL;
				GENERATE_INFOPLIST_FILE = YES;
				INFOPLIST_FILE = Imagefy/Info.plist;
				INFOPLIST_KEY_UIApplicationSupportsIndirectInputEvents = YES;
				INFOPLIST_KEY_UILaunchStoryboardName = LaunchScreen;
				INFOPLIST_KEY_UISupportedInterfaceOrientations_iPad = "UIInterfaceOrientationPortrait UIInterfaceOrientationPortraitUpsideDown UIInterfaceOrientationLandscapeLeft UIInterfaceOrientationLandscapeRight";
				INFOPLIST_KEY_UISupportedInterfaceOrientations_iPhone = "UIInterfaceOrientationPortrait UIInterfaceOrientationLandscapeLeft UIInterfaceOrientationLandscapeRight";
				LD_RUNPATH_SEARCH_PATHS = (
					"$(inherited)",
					"@executable_path/Frameworks",
				);
				MARKETING_VERSION = 1.0;
				PRODUCT_BUNDLE_IDENTIFIER = br.com.alaksion.Imagefy;
				PRODUCT_NAME = "$(TARGET_NAME)";
				SWIFT_EMIT_LOC_STRINGS = YES;
				SWIFT_VERSION = 5.0;
				TARGETED_DEVICE_FAMILY = 1;
			};
			name = Debug;
		};
		E5276383287A0946000E1F24 /* Release */ = {
			isa = XCBuildConfiguration;
			buildSettings = {
				ASSETCATALOG_COMPILER_APPICON_NAME = AppIcon;
				ASSETCATALOG_COMPILER_GLOBAL_ACCENT_COLOR_NAME = AccentColor;
				CODE_SIGN_STYLE = Automatic;
				CURRENT_PROJECT_VERSION = 1;
				DEVELOPMENT_TEAM = 7H62BDWNNL;
				GENERATE_INFOPLIST_FILE = YES;
				INFOPLIST_FILE = Imagefy/Info.plist;
				INFOPLIST_KEY_UIApplicationSupportsIndirectInputEvents = YES;
				INFOPLIST_KEY_UILaunchStoryboardName = LaunchScreen;
				INFOPLIST_KEY_UISupportedInterfaceOrientations_iPad = "UIInterfaceOrientationPortrait UIInterfaceOrientationPortraitUpsideDown UIInterfaceOrientationLandscapeLeft UIInterfaceOrientationLandscapeRight";
				INFOPLIST_KEY_UISupportedInterfaceOrientations_iPhone = "UIInterfaceOrientationPortrait UIInterfaceOrientationLandscapeLeft UIInterfaceOrientationLandscapeRight";
				LD_RUNPATH_SEARCH_PATHS = (
					"$(inherited)",
					"@executable_path/Frameworks",
				);
				MARKETING_VERSION = 1.0;
				PRODUCT_BUNDLE_IDENTIFIER = br.com.alaksion.Imagefy;
				PRODUCT_NAME = "$(TARGET_NAME)";
				SWIFT_EMIT_LOC_STRINGS = YES;
				SWIFT_VERSION = 5.0;
				TARGETED_DEVICE_FAMILY = 1;
			};
			name = Release;
		};
/* End XCBuildConfiguration section */

/* Begin XCConfigurationList section */
		E5276368287A0946000E1F24 /* Build configuration list for PBXProject "Imagefy" */ = {
			isa = XCConfigurationList;
			buildConfigurations = (
				E527637F287A0946000E1F24 /* Debug */,
				E5276380287A0946000E1F24 /* Release */,
			);
			defaultConfigurationIsVisible = 0;
			defaultConfigurationName = Release;
		};
		E5276381287A0946000E1F24 /* Build configuration list for PBXNativeTarget "Imagefy" */ = {
			isa = XCConfigurationList;
			buildConfigurations = (
				E5276382287A0946000E1F24 /* Debug */,
				E5276383287A0946000E1F24 /* Release */,
			);
			defaultConfigurationIsVisible = 0;
			defaultConfigurationName = Release;
		};
/* End XCConfigurationList section */
	};
	rootObject = E5276365287A0946000E1F24 /* Project object */;
}
